{
    "_meta": {
        "hash": {
            "sha256": "ad3bdcd66f4e0e62d85d9e62ce07802f12dd192ef25740ffd101a08581d28fa2"
        },
        "pipfile-spec": 6,
        "requires": {
            "python_version": "3.12"
        },
        "sources": [
            {
                "name": "pypi",
                "url": "https://pypi.org/simple",
                "verify_ssl": true
            }
        ]
    },
    "default": {
        "git-multi-rebase": {
            "editable": true,
            "file": "."
        },
        "gitdb": {
            "hashes": [
                "sha256:5ef71f855d191a3326fcfbc0d5da835f26b13fbcba60c32c21091c349ffdb571",
                "sha256:67073e15955400952c6565cc3e707c554a4eea2e428946f7a4c162fab9bd9bcf"
            ],
            "markers": "python_version >= '3.7'",
            "version": "==4.0.12"
        },
        "gitpython": {
            "hashes": [
                "sha256:024b0422d7f84d15cd794844e029ffebd4c5d42a7eb9b936b458697ef550a02c",
                "sha256:42f9399c9eb33fc581014bedd76049dfbaf6375aa2a5754575966387280315e1"
            ],
            "index": "pypi",
            "markers": "python_version >= '3.7'",
            "version": "==3.1.49"
        },
        "smmap": {
            "hashes": [
                "sha256:4d9debb8b99007ae47165abc08670bd74cb74b5227dda7f643eccc4e9eb5642c",
                "sha256:c106e05d5a61449cf6ba9a1e650227ecfb141590d2a98412103ff35d89fc7b2f"
            ],
            "markers": "python_version >= '3.7'",
            "version": "==5.0.3"
        }
    },
    "develop": {}
}
