{
    "_meta": {
        "hash": {
            "sha256": "ad3bdcd66f4e0e62d85d9e62ce07802f12dd192ef25740ffd101a08581d28fa2"
        },
        "pipfile-spec": 6,
        "requires": {
            "python_version": "3.12"
        },
        "sources": [
            {
                "name": "pypi",
                "url": "https://pypi.org/simple",
                "verify_ssl": true
            }
        ]
    },
    "default": {
        "git-multi-rebase": {
            "editable": true,
            "file": "."
        },
        "gitdb": {
            "hashes": [
                "sha256:5ef71f855d191a3326fcfbc0d5da835f26b13fbcba60c32c21091c349ffdb571",
                "sha256:67073e15955400952c6565cc3e707c554a4eea2e428946f7a4c162fab9bd9bcf"
            ],
            "markers": "python_version >= '3.7'",
            "version": "==4.0.12"
        },
        "gitpython": {
            "hashes": [
                "sha256:85b0ee964ceddf211c41b9f27a49086010a190fd8132a24e21f362a4b36a791c",
                "sha256:8908cb2e02fb3b93b7eb0f2827125cb699869470432cc885f019b8fd0fccff77"
            ],
            "index": "pypi",
            "markers": "python_version >= '3.7'",
            "version": "==3.1.45"
        },
        "smmap": {
            "hashes": [
                "sha256:26ea65a03958fa0c8a1c7e8c7a58fdc77221b8910f6be2131affade476898ad5",
                "sha256:b30115f0def7d7531d22a0fb6502488d879e75b260a9db4d0819cfb25403af5e"
            ],
            "markers": "python_version >= '3.7'",
            "version": "==5.0.2"
        }
    },
    "develop": {}
}
